
Microsoft Visual Studio Solution File, Format Version 12.00
# Visual Studio Version 16
VisualStudioVersion = 16.0.32413.511
MinimumVisualStudioVersion = 10.0.40219.1
Project("{9A19103F-16F7-4668-BE54-9A1E7A4F7556}") = "Core_Project", "Core_Project\Core_Project.csproj", "{FECA4CCE-E6E6-4DFC-AC9E-90DF90D51488}"
EndProject
Project("{9A19103F-16F7-4668-BE54-9A1E7A4F7556}") = "BusinessLayer", "BusinessLayer\BusinessLayer.csproj", "{F251A332-5867-49EE-A4D5-5948B631C79B}"
EndProject
Project("{9A19103F-16F7-4668-BE54-9A1E7A4F7556}") = "DataAccessLayer", "DataAccessLayer\DataAccessLayer.csproj", "{61A5A841-E122-4315-A15B-816A7241FA7B}"
EndProject
Project("{9A19103F-16F7-4668-BE54-9A1E7A4F7556}") = "EntityLayer", "EntityLayer\EntityLayer.csproj", "{69929A6F-A0F2-43FE-957B-70CF0679F0A6}"
EndProject
Project("{FAE04EC0-301F-11D3-BF4B-00C04F79EFBC}") = "Core_Project_Api", "Core_Project_Api\Core_Project_Api.csproj", "{0170B18D-F941-4385-81E7-8A5982FD430A}"
EndProject
Global
	GlobalSection(SolutionConfigurationPlatforms) = preSolution
		Debug|Any CPU = Debug|Any CPU
		Release|Any CPU = Release|Any CPU
	EndGlobalSection
	GlobalSection(ProjectConfigurationPlatforms) = postSolution
		{FECA4CCE-E6E6-4DFC-AC9E-90DF90D51488}.Debug|Any CPU.ActiveCfg = Debug|Any CPU
		{FECA4CCE-E6E6-4DFC-AC9E-90DF90D51488}.Debug|Any CPU.Build.0 = Debug|Any CPU
		{FECA4CCE-E6E6-4DFC-AC9E-90DF90D51488}.Release|Any CPU.ActiveCfg = Release|Any CPU
		{FECA4CCE-E6E6-4DFC-AC9E-90DF90D51488}.Release|Any CPU.Build.0 = Release|Any CPU
		{F251A332-5867-49EE-A4D5-5948B631C79B}.Debug|Any CPU.ActiveCfg = Debug|Any CPU
		{F251A332-5867-49EE-A4D5-5948B631C79B}.Debug|Any CPU.Build.0 = Debug|Any CPU
		{F251A332-5867-49EE-A4D5-5948B631C79B}.Release|Any CPU.ActiveCfg = Release|Any CPU
		{F251A332-5867-49EE-A4D5-5948B631C79B}.Release|Any CPU.Build.0 = Release|Any CPU
		{61A5A841-E122-4315-A15B-816A7241FA7B}.Debug|Any CPU.ActiveCfg = Debug|Any CPU
		{61A5A841-E122-4315-A15B-816A7241FA7B}.Debug|Any CPU.Build.0 = Debug|Any CPU
		{61A5A841-E122-4315-A15B-816A7241FA7B}.Release|Any CPU.ActiveCfg = Release|Any CPU
		{61A5A841-E122-4315-A15B-816A7241FA7B}.Release|Any CPU.Build.0 = Release|Any CPU
		{69929A6F-A0F2-43FE-957B-70CF0679F0A6}.Debug|Any CPU.ActiveCfg = Debug|Any CPU
		{69929A6F-A0F2-43FE-957B-70CF0679F0A6}.Debug|Any CPU.Build.0 = Debug|Any CPU
		{69929A6F-A0F2-43FE-957B-70CF0679F0A6}.Release|Any CPU.ActiveCfg = Release|Any CPU
		{69929A6F-A0F2-43FE-957B-70CF0679F0A6}.Release|Any CPU.Build.0 = Release|Any CPU
		{0170B18D-F941-4385-81E7-8A5982FD430A}.Debug|Any CPU.ActiveCfg = Debug|Any CPU
		{0170B18D-F941-4385-81E7-8A5982FD430A}.Debug|Any CPU.Build.0 = Debug|Any CPU
		{0170B18D-F941-4385-81E7-8A5982FD430A}.Release|Any CPU.ActiveCfg = Release|Any CPU
		{0170B18D-F941-4385-81E7-8A5982FD430A}.Release|Any CPU.Build.0 = Release|Any CPU
	EndGlobalSection
	GlobalSection(SolutionProperties) = preSolution
		HideSolutionNode = FALSE
	EndGlobalSection
	GlobalSection(ExtensibilityGlobals) = postSolution
		SolutionGuid = {447029E4-A871-4A0E-AE49-C0F54084E2CF}
	EndGlobalSection
EndGlobal
