
Microsoft Visual Studio Solution File, Format Version 12.00
# Visual Studio Version 16
VisualStudioVersion = 16.0.31729.503
MinimumVisualStudioVersion = 10.0.40219.1
Project("{FAE04EC0-301F-11D3-BF4B-00C04F79EFBC}") = "aralik_sayi_listeme", "aralik_sayi_listeme\aralik_sayi_listeme.csproj", "{CB5ACD90-C51B-4796-8C91-0FED2EE35419}"
EndProject
Global
	GlobalSection(SolutionConfigurationPlatforms) = preSolution
		Debug|Any CPU = Debug|Any CPU
		Release|Any CPU = Release|Any CPU
	EndGlobalSection
	GlobalSection(ProjectConfigurationPlatforms) = postSolution
		{CB5ACD90-C51B-4796-8C91-0FED2EE35419}.Debug|Any CPU.ActiveCfg = Debug|Any CPU
		{CB5ACD90-C51B-4796-8C91-0FED2EE35419}.Debug|Any CPU.Build.0 = Debug|Any CPU
		{CB5ACD90-C51B-4796-8C91-0FED2EE35419}.Release|Any CPU.ActiveCfg = Release|Any CPU
		{CB5ACD90-C51B-4796-8C91-0FED2EE35419}.Release|Any CPU.Build.0 = Release|Any CPU
	EndGlobalSection
	GlobalSection(SolutionProperties) = preSolution
		HideSolutionNode = FALSE
	EndGlobalSection
	GlobalSection(ExtensibilityGlobals) = postSolution
		SolutionGuid = {876CAA29-75DE-46CE-9B47-97130185DE72}
	EndGlobalSection
EndGlobal
